
Microsoft Visual Studio Solution File, Format Version 12.00
# Visual Studio Version 16
VisualStudioVersion = 16.0.31702.278
MinimumVisualStudioVersion = 10.0.40219.1
Project("{8BC9CEB8-8B4A-11D0-8D11-00A0C91BC942}") = "KiNomet", "KiNomet\KiNomet.vcxproj", "{580CD733-5928-44C9-A293-234A8D0D0590}"
EndProject
Project("{8BC9CEB8-8B4A-11D0-8D11-00A0C91BC942}") = "KinoMetGBA", "KinoMetGBA\KinoMetGBA.vcxproj", "{B10989DB-225E-4085-AEB7-69CF4E013FDC}"
EndProject
Project("{8BC9CEB8-8B4A-11D0-8D11-00A0C91BC942}") = "KinometWindows", "KinometWindows\KinometWindows.vcxproj", "{E67D0175-528B-426F-B79D-2735F00E68AF}"
EndProject
Global
	GlobalSection(SolutionConfigurationPlatforms) = preSolution
		Debug|Any CPU = Debug|Any CPU
		Debug|x64 = Debug|x64
		Debug|x86 = Debug|x86
		Release|Any CPU = Release|Any CPU
		Release|x64 = Release|x64
		Release|x86 = Release|x86
	EndGlobalSection
	GlobalSection(ProjectConfigurationPlatforms) = postSolution
		{580CD733-5928-44C9-A293-234A8D0D0590}.Debug|Any CPU.ActiveCfg = Debug|Win32
		{580CD733-5928-44C9-A293-234A8D0D0590}.Debug|Any CPU.Build.0 = Debug|Win32
		{580CD733-5928-44C9-A293-234A8D0D0590}.Debug|x64.ActiveCfg = Debug|x64
		{580CD733-5928-44C9-A293-234A8D0D0590}.Debug|x64.Build.0 = Debug|x64
		{580CD733-5928-44C9-A293-234A8D0D0590}.Debug|x86.ActiveCfg = Debug|Win32
		{580CD733-5928-44C9-A293-234A8D0D0590}.Debug|x86.Build.0 = Debug|Win32
		{580CD733-5928-44C9-A293-234A8D0D0590}.Release|Any CPU.ActiveCfg = Release|Win32
		{580CD733-5928-44C9-A293-234A8D0D0590}.Release|x64.ActiveCfg = Release|x64
		{580CD733-5928-44C9-A293-234A8D0D0590}.Release|x64.Build.0 = Release|x64
		{580CD733-5928-44C9-A293-234A8D0D0590}.Release|x86.ActiveCfg = Release|Win32
		{580CD733-5928-44C9-A293-234A8D0D0590}.Release|x86.Build.0 = Release|Win32
		{B10989DB-225E-4085-AEB7-69CF4E013FDC}.Debug|Any CPU.ActiveCfg = Debug|Win32
		{B10989DB-225E-4085-AEB7-69CF4E013FDC}.Debug|Any CPU.Build.0 = Debug|Win32
		{B10989DB-225E-4085-AEB7-69CF4E013FDC}.Debug|x64.ActiveCfg = Debug|x64
		{B10989DB-225E-4085-AEB7-69CF4E013FDC}.Debug|x64.Build.0 = Debug|x64
		{B10989DB-225E-4085-AEB7-69CF4E013FDC}.Debug|x86.ActiveCfg = Debug|Win32
		{B10989DB-225E-4085-AEB7-69CF4E013FDC}.Debug|x86.Build.0 = Debug|Win32
		{B10989DB-225E-4085-AEB7-69CF4E013FDC}.Release|Any CPU.ActiveCfg = Release|Win32
		{B10989DB-225E-4085-AEB7-69CF4E013FDC}.Release|x64.ActiveCfg = Release|x64
		{B10989DB-225E-4085-AEB7-69CF4E013FDC}.Release|x64.Build.0 = Release|x64
		{B10989DB-225E-4085-AEB7-69CF4E013FDC}.Release|x86.ActiveCfg = Release|Win32
		{B10989DB-225E-4085-AEB7-69CF4E013FDC}.Release|x86.Build.0 = Release|Win32
		{E67D0175-528B-426F-B79D-2735F00E68AF}.Debug|Any CPU.ActiveCfg = Debug|Win32
		{E67D0175-528B-426F-B79D-2735F00E68AF}.Debug|Any CPU.Build.0 = Debug|Win32
		{E67D0175-528B-426F-B79D-2735F00E68AF}.Debug|x64.ActiveCfg = Debug|x64
		{E67D0175-528B-426F-B79D-2735F00E68AF}.Debug|x64.Build.0 = Debug|x64
		{E67D0175-528B-426F-B79D-2735F00E68AF}.Debug|x86.ActiveCfg = Debug|Win32
		{E67D0175-528B-426F-B79D-2735F00E68AF}.Debug|x86.Build.0 = Debug|Win32
		{E67D0175-528B-426F-B79D-2735F00E68AF}.Release|Any CPU.ActiveCfg = Release|Win32
		{E67D0175-528B-426F-B79D-2735F00E68AF}.Release|x64.ActiveCfg = Release|x64
		{E67D0175-528B-426F-B79D-2735F00E68AF}.Release|x64.Build.0 = Release|x64
		{E67D0175-528B-426F-B79D-2735F00E68AF}.Release|x86.ActiveCfg = Release|Win32
		{E67D0175-528B-426F-B79D-2735F00E68AF}.Release|x86.Build.0 = Release|Win32
	EndGlobalSection
	GlobalSection(SolutionProperties) = preSolution
		HideSolutionNode = FALSE
	EndGlobalSection
	GlobalSection(ExtensibilityGlobals) = postSolution
		SolutionGuid = {1D058107-DC69-49BA-8319-EDD58571102B}
	EndGlobalSection
EndGlobal
