
Microsoft Visual Studio Solution File, Format Version 12.00
# Visual Studio Version 17
VisualStudioVersion = 17.7.34202.233
MinimumVisualStudioVersion = 10.0.40219.1
Project("{8BC9CEB8-8B4A-11D0-8D11-00A0C91BC942}") = "KiNomet", "KiNomet\KiNomet.vcxproj", "{580CD733-5928-44C9-A293-234A8D0D0590}"
EndProject
Project("{8BC9CEB8-8B4A-11D0-8D11-00A0C91BC942}") = "KinoMetGBA", "KinoMetGBA\KinoMetGBA.vcxproj", "{B10989DB-225E-4085-AEB7-69CF4E013FDC}"
EndProject
Project("{8BC9CEB8-8B4A-11D0-8D11-00A0C91BC942}") = "KinometWindows", "KinometWindows\KinometWindows.vcxproj", "{E67D0175-528B-426F-B79D-2735F00E68AF}"
EndProject
Project("{FAE04EC0-301F-11D3-BF4B-00C04F79EFBC}") = "KinometGui", "KinometGui\KinometGui.csproj", "{F43ECE7F-DBF9-4953-B540-C1C223BBE722}"
EndProject
Project("{8BC9CEB8-8B4A-11D0-8D11-00A0C91BC942}") = "slac", "slac\slac.vcxproj", "{549EB717-9A37-4257-B322-2DC56D059CB8}"
EndProject
Project("{8BC9CEB8-8B4A-11D0-8D11-00A0C91BC942}") = "MirrorIO", "MirrorIO\MirrorIO.vcxproj", "{C742AB59-B5B1-461D-9AF2-8E156A418B23}"
EndProject
Global
	GlobalSection(SolutionConfigurationPlatforms) = preSolution
		Debug|Any CPU = Debug|Any CPU
		Debug|x64 = Debug|x64
		Debug|x86 = Debug|x86
		Release|Any CPU = Release|Any CPU
		Release|x64 = Release|x64
		Release|x86 = Release|x86
	EndGlobalSection
	GlobalSection(ProjectConfigurationPlatforms) = postSolution
		{580CD733-5928-44C9-A293-234A8D0D0590}.Debug|Any CPU.ActiveCfg = Debug|Win32
		{580CD733-5928-44C9-A293-234A8D0D0590}.Debug|Any CPU.Build.0 = Debug|Win32
		{580CD733-5928-44C9-A293-234A8D0D0590}.Debug|x64.ActiveCfg = Debug|x64
		{580CD733-5928-44C9-A293-234A8D0D0590}.Debug|x64.Build.0 = Debug|x64
		{580CD733-5928-44C9-A293-234A8D0D0590}.Debug|x86.ActiveCfg = Debug|Win32
		{580CD733-5928-44C9-A293-234A8D0D0590}.Debug|x86.Build.0 = Debug|Win32
		{580CD733-5928-44C9-A293-234A8D0D0590}.Release|Any CPU.ActiveCfg = Release|Win32
		{580CD733-5928-44C9-A293-234A8D0D0590}.Release|x64.ActiveCfg = Release|x64
		{580CD733-5928-44C9-A293-234A8D0D0590}.Release|x64.Build.0 = Release|x64
		{580CD733-5928-44C9-A293-234A8D0D0590}.Release|x86.ActiveCfg = Release|Win32
		{580CD733-5928-44C9-A293-234A8D0D0590}.Release|x86.Build.0 = Release|Win32
		{B10989DB-225E-4085-AEB7-69CF4E013FDC}.Debug|Any CPU.ActiveCfg = Debug|Win32
		{B10989DB-225E-4085-AEB7-69CF4E013FDC}.Debug|Any CPU.Build.0 = Debug|Win32
		{B10989DB-225E-4085-AEB7-69CF4E013FDC}.Debug|x64.ActiveCfg = Debug|x64
		{B10989DB-225E-4085-AEB7-69CF4E013FDC}.Debug|x64.Build.0 = Debug|x64
		{B10989DB-225E-4085-AEB7-69CF4E013FDC}.Debug|x86.ActiveCfg = Debug|Win32
		{B10989DB-225E-4085-AEB7-69CF4E013FDC}.Debug|x86.Build.0 = Debug|Win32
		{B10989DB-225E-4085-AEB7-69CF4E013FDC}.Release|Any CPU.ActiveCfg = Release|Win32
		{B10989DB-225E-4085-AEB7-69CF4E013FDC}.Release|x64.ActiveCfg = Release|x64
		{B10989DB-225E-4085-AEB7-69CF4E013FDC}.Release|x64.Build.0 = Release|x64
		{B10989DB-225E-4085-AEB7-69CF4E013FDC}.Release|x86.ActiveCfg = Release|Win32
		{B10989DB-225E-4085-AEB7-69CF4E013FDC}.Release|x86.Build.0 = Release|Win32
		{E67D0175-528B-426F-B79D-2735F00E68AF}.Debug|Any CPU.ActiveCfg = Debug|Win32
		{E67D0175-528B-426F-B79D-2735F00E68AF}.Debug|Any CPU.Build.0 = Debug|Win32
		{E67D0175-528B-426F-B79D-2735F00E68AF}.Debug|x64.ActiveCfg = Debug|x64
		{E67D0175-528B-426F-B79D-2735F00E68AF}.Debug|x64.Build.0 = Debug|x64
		{E67D0175-528B-426F-B79D-2735F00E68AF}.Debug|x86.ActiveCfg = Debug|Win32
		{E67D0175-528B-426F-B79D-2735F00E68AF}.Debug|x86.Build.0 = Debug|Win32
		{E67D0175-528B-426F-B79D-2735F00E68AF}.Release|Any CPU.ActiveCfg = Release|Win32
		{E67D0175-528B-426F-B79D-2735F00E68AF}.Release|x64.ActiveCfg = Release|x64
		{E67D0175-528B-426F-B79D-2735F00E68AF}.Release|x64.Build.0 = Release|x64
		{E67D0175-528B-426F-B79D-2735F00E68AF}.Release|x86.ActiveCfg = Release|Win32
		{E67D0175-528B-426F-B79D-2735F00E68AF}.Release|x86.Build.0 = Release|Win32
		{F43ECE7F-DBF9-4953-B540-C1C223BBE722}.Debug|Any CPU.ActiveCfg = Debug|Any CPU
		{F43ECE7F-DBF9-4953-B540-C1C223BBE722}.Debug|Any CPU.Build.0 = Debug|Any CPU
		{F43ECE7F-DBF9-4953-B540-C1C223BBE722}.Debug|x64.ActiveCfg = Debug|Any CPU
		{F43ECE7F-DBF9-4953-B540-C1C223BBE722}.Debug|x64.Build.0 = Debug|Any CPU
		{F43ECE7F-DBF9-4953-B540-C1C223BBE722}.Debug|x86.ActiveCfg = Debug|Any CPU
		{F43ECE7F-DBF9-4953-B540-C1C223BBE722}.Debug|x86.Build.0 = Debug|Any CPU
		{F43ECE7F-DBF9-4953-B540-C1C223BBE722}.Release|Any CPU.ActiveCfg = Release|Any CPU
		{F43ECE7F-DBF9-4953-B540-C1C223BBE722}.Release|Any CPU.Build.0 = Release|Any CPU
		{F43ECE7F-DBF9-4953-B540-C1C223BBE722}.Release|x64.ActiveCfg = Release|Any CPU
		{F43ECE7F-DBF9-4953-B540-C1C223BBE722}.Release|x64.Build.0 = Release|Any CPU
		{F43ECE7F-DBF9-4953-B540-C1C223BBE722}.Release|x86.ActiveCfg = Release|Any CPU
		{F43ECE7F-DBF9-4953-B540-C1C223BBE722}.Release|x86.Build.0 = Release|Any CPU
		{549EB717-9A37-4257-B322-2DC56D059CB8}.Debug|Any CPU.ActiveCfg = Debug|x64
		{549EB717-9A37-4257-B322-2DC56D059CB8}.Debug|Any CPU.Build.0 = Debug|x64
		{549EB717-9A37-4257-B322-2DC56D059CB8}.Debug|x64.ActiveCfg = Debug|x64
		{549EB717-9A37-4257-B322-2DC56D059CB8}.Debug|x64.Build.0 = Debug|x64
		{549EB717-9A37-4257-B322-2DC56D059CB8}.Debug|x86.ActiveCfg = Debug|Win32
		{549EB717-9A37-4257-B322-2DC56D059CB8}.Debug|x86.Build.0 = Debug|Win32
		{549EB717-9A37-4257-B322-2DC56D059CB8}.Release|Any CPU.ActiveCfg = Release|x64
		{549EB717-9A37-4257-B322-2DC56D059CB8}.Release|Any CPU.Build.0 = Release|x64
		{549EB717-9A37-4257-B322-2DC56D059CB8}.Release|x64.ActiveCfg = Release|x64
		{549EB717-9A37-4257-B322-2DC56D059CB8}.Release|x64.Build.0 = Release|x64
		{549EB717-9A37-4257-B322-2DC56D059CB8}.Release|x86.ActiveCfg = Release|Win32
		{549EB717-9A37-4257-B322-2DC56D059CB8}.Release|x86.Build.0 = Release|Win32
		{C742AB59-B5B1-461D-9AF2-8E156A418B23}.Debug|Any CPU.ActiveCfg = Debug|Win32
		{C742AB59-B5B1-461D-9AF2-8E156A418B23}.Debug|Any CPU.Build.0 = Debug|Win32
		{C742AB59-B5B1-461D-9AF2-8E156A418B23}.Debug|x64.ActiveCfg = Debug|x64
		{C742AB59-B5B1-461D-9AF2-8E156A418B23}.Debug|x64.Build.0 = Debug|x64
		{C742AB59-B5B1-461D-9AF2-8E156A418B23}.Debug|x86.ActiveCfg = Debug|Win32
		{C742AB59-B5B1-461D-9AF2-8E156A418B23}.Debug|x86.Build.0 = Debug|Win32
		{C742AB59-B5B1-461D-9AF2-8E156A418B23}.Release|Any CPU.ActiveCfg = Release|x64
		{C742AB59-B5B1-461D-9AF2-8E156A418B23}.Release|Any CPU.Build.0 = Release|x64
		{C742AB59-B5B1-461D-9AF2-8E156A418B23}.Release|x64.ActiveCfg = Release|x64
		{C742AB59-B5B1-461D-9AF2-8E156A418B23}.Release|x64.Build.0 = Release|x64
		{C742AB59-B5B1-461D-9AF2-8E156A418B23}.Release|x86.ActiveCfg = Release|Win32
		{C742AB59-B5B1-461D-9AF2-8E156A418B23}.Release|x86.Build.0 = Release|Win32
	EndGlobalSection
	GlobalSection(SolutionProperties) = preSolution
		HideSolutionNode = FALSE
	EndGlobalSection
	GlobalSection(ExtensibilityGlobals) = postSolution
		SolutionGuid = {1D058107-DC69-49BA-8319-EDD58571102B}
	EndGlobalSection
EndGlobal
