<?xml version="1.0" encoding="utf-8"?>
<Project ToolsVersion="4.0" xmlns="http://schemas.microsoft.com/developer/msbuild/2003">
  <ItemGroup>
    <Filter Include="Source Files">
      <UniqueIdentifier>{4FC737F1-C7A5-4376-A066-2A32D752A2FF}</UniqueIdentifier>
      <Extensions>cpp;c;cc;cxx;c++;cppm;ixx;def;odl;idl;hpj;bat;asm;asmx</Extensions>
    </Filter>
    <Filter Include="Header Files">
      <UniqueIdentifier>{93995380-89BD-4b04-88EB-625FBE52EBFB}</UniqueIdentifier>
      <Extensions>h;hh;hpp;hxx;h++;hm;inl;inc;ipp;xsd</Extensions>
    </Filter>
    <Filter Include="Includes">
      <UniqueIdentifier>{25994804-dbc0-452b-bc47-4ae55e4dfba8}</UniqueIdentifier>
    </Filter>
    <Filter Include="audiohandlers">
      <UniqueIdentifier>{2405bb95-a3b2-453a-9bc0-8ffaf80e8b2d}</UniqueIdentifier>
    </Filter>
    <Filter Include="Source Files\Resource Files">
      <UniqueIdentifier>{67DA6AB6-F800-4c08-8B7A-83BB121AAD01}</UniqueIdentifier>
      <Extensions>rc;ico;cur;bmp;dlg;rc2;rct;bin;rgs;gif;jpg;jpeg;jpe;resx;tiff;tif;png;wav;mfcribbon-ms</Extensions>
    </Filter>
    <Filter Include="Cinepak">
      <UniqueIdentifier>{94156310-213f-4166-b846-ad3aa6d2b05e}</UniqueIdentifier>
    </Filter>
    <Filter Include="Tests">
      <UniqueIdentifier>{f353e7aa-2fb6-4ecb-a2c4-5e7f842356db}</UniqueIdentifier>
    </Filter>
    <Filter Include="AviApi">
      <UniqueIdentifier>{3379f032-a838-4d24-8ff5-aa253f5e6d24}</UniqueIdentifier>
    </Filter>
  </ItemGroup>
  <ItemGroup>
    <ClCompile Include="KiNomet.cpp">
      <Filter>Source Files</Filter>
    </ClCompile>
    <ClCompile Include="SmallBuffer.cpp">
      <Filter>Source Files</Filter>
    </ClCompile>
    <ClCompile Include="Gba.cpp">
      <Filter>Source Files</Filter>
    </ClCompile>
    <ClCompile Include="CodeBookManager.cpp">
      <Filter>Source Files</Filter>
    </ClCompile>
    <ClCompile Include="Compression.cpp">
      <Filter>Source Files</Filter>
    </ClCompile>
    <ClCompile Include="Cinepak.cpp">
      <Filter>Cinepak</Filter>
    </ClCompile>
    <ClCompile Include="Test.cpp">
      <Filter>Tests</Filter>
    </ClCompile>
    <ClCompile Include="AviApi.cpp">
      <Filter>Source Files</Filter>
    </ClCompile>
    <ClCompile Include="GDL_Audio.cpp">
      <Filter>Source Files</Filter>
    </ClCompile>
    <ClCompile Include="KinoAudio.cpp">
      <Filter>Source Files</Filter>
    </ClCompile>
    <ClCompile Include="AudioHandler.cpp">
      <Filter>audiohandlers</Filter>
    </ClCompile>
    <ClCompile Include="AudioV0.cpp">
      <Filter>audiohandlers</Filter>
    </ClCompile>
    <ClCompile Include="AudioV1.cpp">
      <Filter>audiohandlers</Filter>
    </ClCompile>
    <ClCompile Include="UserInterface.cpp">
      <Filter>Source Files</Filter>
    </ClCompile>
  </ItemGroup>
  <ItemGroup>
    <ClInclude Include="Compression.h">
      <Filter>Header Files</Filter>
    </ClInclude>
    <ClInclude Include="Cinepak.h">
      <Filter>Cinepak</Filter>
    </ClInclude>
    <ClInclude Include="AviApi.h">
      <Filter>Header Files</Filter>
    </ClInclude>
    <ClInclude Include="KiNoMet.h">
      <Filter>Header Files</Filter>
    </ClInclude>
    <ClInclude Include="GDL_Audio.h">
      <Filter>Header Files</Filter>
    </ClInclude>
    <ClInclude Include="KinoAudio.h">
      <Filter>Header Files</Filter>
    </ClInclude>
    <ClInclude Include="CodeBookManager.h">
      <Filter>Header Files</Filter>
    </ClInclude>
    <ClInclude Include="Gba.h">
      <Filter>Header Files</Filter>
    </ClInclude>
    <ClInclude Include="SmallBuffer.h">
      <Filter>Header Files</Filter>
    </ClInclude>
    <ClInclude Include="tonc_asminc.h">
      <Filter>Header Files</Filter>
    </ClInclude>
    <ClInclude Include="AudioV1.h">
      <Filter>audiohandlers</Filter>
    </ClInclude>
    <ClInclude Include="AudioV0.h">
      <Filter>audiohandlers</Filter>
    </ClInclude>
    <ClInclude Include="AudioHandler.h">
      <Filter>audiohandlers</Filter>
    </ClInclude>
    <ClInclude Include="UserInterface.h">
      <Filter>Header Files</Filter>
    </ClInclude>
  </ItemGroup>
  <ItemGroup>
    <Text Include="Documentation.txt" />
    <Text Include="Coding Culture.txt" />
  </ItemGroup>
  <ItemGroup>
    <None Include="cinepak_asm.s">
      <Filter>Cinepak</Filter>
    </None>
  </ItemGroup>
</Project>